// !$*UTF8*$!
{
	archiveVersion = 1;
	classes = {
	};
	objectVersion = 46;
	objects = {

/* Begin PBXBuildFile section */
		D81CF9461E313F10008855CB /* Architect.cpp in Sources */ = {isa = PBXBuildFile; fileRef = D81CF9371E313F10008855CB /* Architect.cpp */; };
		D81CF9471E313F10008855CB /* Domain.cpp in Sources */ = {isa = PBXBuildFile; fileRef = D81CF9391E313F10008855CB /* Domain.cpp */; };
		D81CF9481E313F10008855CB /* InHostDynamics.cpp in Sources */ = {isa = PBXBuildFile; fileRef = D81CF93B1E313F10008855CB /* InHostDynamics.cpp */; };
		D81CF9491E313F10008855CB /* main.cpp in Sources */ = {isa = PBXBuildFile; fileRef = D81CF93D1E313F10008855CB /* main.cpp */; };
		D81CF94A1E313F10008855CB /* Person.cpp in Sources */ = {isa = PBXBuildFile; fileRef = D81CF93F1E313F10008855CB /* Person.cpp */; };
		D81CF94B1E313F10008855CB /* Place.cpp in Sources */ = {isa = PBXBuildFile; fileRef = D81CF9411E313F10008855CB /* Place.cpp */; };
		D81CF94D1E313F10008855CB /* Source.cpp in Sources */ = {isa = PBXBuildFile; fileRef = D81CF9441E313F10008855CB /* Source.cpp */; };
		D81CF9501E315577008855CB /* Storage.cpp in Sources */ = {isa = PBXBuildFile; fileRef = D81CF94E1E315577008855CB /* Storage.cpp */; };
/* End PBXBuildFile section */

/* Begin PBXCopyFilesBuildPhase section */
		D81CF92B1E313EF4008855CB /* CopyFiles */ = {
			isa = PBXCopyFilesBuildPhase;
			buildActionMask = 2147483647;
			dstPath = /usr/share/man/man1/;
			dstSubfolderSpec = 0;
			files = (
			);
			runOnlyForDeploymentPostprocessing = 1;
		};
/* End PBXCopyFilesBuildPhase section */

/* Begin PBXFileReference section */
		D81CF92D1E313EF4008855CB /* SIR_BW */ = {isa = PBXFileReference; explicitFileType = "compiled.mach-o.executable"; includeInIndex = 0; path = SIR_BW; sourceTree = BUILT_PRODUCTS_DIR; };
		D81CF9371E313F10008855CB /* Architect.cpp */ = {isa = PBXFileReference; fileEncoding = 4; lastKnownFileType = sourcecode.cpp.cpp; name = Architect.cpp; path = ../../SIR/Architect.cpp; sourceTree = "<group>"; };
		D81CF9381E313F10008855CB /* Architect.h */ = {isa = PBXFileReference; fileEncoding = 4; lastKnownFileType = sourcecode.c.h; name = Architect.h; path = ../../SIR/Architect.h; sourceTree = "<group>"; };
		D81CF9391E313F10008855CB /* Domain.cpp */ = {isa = PBXFileReference; fileEncoding = 4; lastKnownFileType = sourcecode.cpp.cpp; name = Domain.cpp; path = ../../SIR/Domain.cpp; sourceTree = "<group>"; };
		D81CF93A1E313F10008855CB /* Domain.h */ = {isa = PBXFileReference; fileEncoding = 4; lastKnownFileType = sourcecode.c.h; name = Domain.h; path = ../../SIR/Domain.h; sourceTree = "<group>"; };
		D81CF93B1E313F10008855CB /* InHostDynamics.cpp */ = {isa = PBXFileReference; fileEncoding = 4; lastKnownFileType = sourcecode.cpp.cpp; name = InHostDynamics.cpp; path = ../../SIR/InHostDynamics.cpp; sourceTree = "<group>"; };
		D81CF93C1E313F10008855CB /* InHostDynamics.h */ = {isa = PBXFileReference; fileEncoding = 4; lastKnownFileType = sourcecode.c.h; name = InHostDynamics.h; path = ../../SIR/InHostDynamics.h; sourceTree = "<group>"; };
		D81CF93D1E313F10008855CB /* main.cpp */ = {isa = PBXFileReference; fileEncoding = 4; lastKnownFileType = sourcecode.cpp.cpp; name = main.cpp; path = ../../SIR/main.cpp; sourceTree = "<group>"; };
		D81CF93E1E313F10008855CB /* Parameters.h */ = {isa = PBXFileReference; fileEncoding = 4; lastKnownFileType = sourcecode.c.h; name = Parameters.h; path = ../../SIR/Parameters.h; sourceTree = "<group>"; };
		D81CF93F1E313F10008855CB /* Person.cpp */ = {isa = PBXFileReference; fileEncoding = 4; lastKnownFileType = sourcecode.cpp.cpp; name = Person.cpp; path = ../../SIR/Person.cpp; sourceTree = "<group>"; };
		D81CF9401E313F10008855CB /* Person.h */ = {isa = PBXFileReference; fileEncoding = 4; lastKnownFileType = sourcecode.c.h; name = Person.h; path = ../../SIR/Person.h; sourceTree = "<group>"; };
		D81CF9411E313F10008855CB /* Place.cpp */ = {isa = PBXFileReference; fileEncoding = 4; lastKnownFileType = sourcecode.cpp.cpp; name = Place.cpp; path = ../../SIR/Place.cpp; sourceTree = "<group>"; };
		D81CF9421E313F10008855CB /* Place.h */ = {isa = PBXFileReference; fileEncoding = 4; lastKnownFileType = sourcecode.c.h; name = Place.h; path = ../../SIR/Place.h; sourceTree = "<group>"; };
		D81CF9441E313F10008855CB /* Source.cpp */ = {isa = PBXFileReference; fileEncoding = 4; lastKnownFileType = sourcecode.cpp.cpp; name = Source.cpp; path = ../../SIR/Source.cpp; sourceTree = "<group>"; };
		D81CF9451E313F10008855CB /* Source.hpp */ = {isa = PBXFileReference; fileEncoding = 4; lastKnownFileType = sourcecode.cpp.h; name = Source.hpp; path = ../../SIR/Source.hpp; sourceTree = "<group>"; };
		D81CF94E1E315577008855CB /* Storage.cpp */ = {isa = PBXFileReference; fileEncoding = 4; lastKnownFileType = sourcecode.cpp.cpp; path = Storage.cpp; sourceTree = "<group>"; };
		D81CF94F1E315577008855CB /* Storage.hpp */ = {isa = PBXFileReference; fileEncoding = 4; lastKnownFileType = sourcecode.cpp.h; path = Storage.hpp; sourceTree = "<group>"; };
/* End PBXFileReference section */

/* Begin PBXFrameworksBuildPhase section */
		D81CF92A1E313EF4008855CB /* Frameworks */ = {
			isa = PBXFrameworksBuildPhase;
			buildActionMask = 2147483647;
			files = (
			);
			runOnlyForDeploymentPostprocessing = 0;
		};
/* End PBXFrameworksBuildPhase section */

/* Begin PBXGroup section */
		D81CF9241E313EF4008855CB = {
			isa = PBXGroup;
			children = (
				D81CF92F1E313EF4008855CB /* SIR_BW */,
				D81CF92E1E313EF4008855CB /* Products */,
			);
			sourceTree = "<group>";
		};
		D81CF92E1E313EF4008855CB /* Products */ = {
			isa = PBXGroup;
			children = (
				D81CF92D1E313EF4008855CB /* SIR_BW */,
			);
			name = Products;
			sourceTree = "<group>";
		};
		D81CF92F1E313EF4008855CB /* SIR_BW */ = {
			isa = PBXGroup;
			children = (
				D81CF9371E313F10008855CB /* Architect.cpp */,
				D81CF94E1E315577008855CB /* Storage.cpp */,
				D81CF94F1E315577008855CB /* Storage.hpp */,
				D81CF9381E313F10008855CB /* Architect.h */,
				D81CF9391E313F10008855CB /* Domain.cpp */,
				D81CF93A1E313F10008855CB /* Domain.h */,
				D81CF93B1E313F10008855CB /* InHostDynamics.cpp */,
				D81CF93C1E313F10008855CB /* InHostDynamics.h */,
				D81CF93D1E313F10008855CB /* main.cpp */,
				D81CF93E1E313F10008855CB /* Parameters.h */,
				D81CF93F1E313F10008855CB /* Person.cpp */,
				D81CF9401E313F10008855CB /* Person.h */,
				D81CF9411E313F10008855CB /* Place.cpp */,
				D81CF9421E313F10008855CB /* Place.h */,
				D81CF9441E313F10008855CB /* Source.cpp */,
				D81CF9451E313F10008855CB /* Source.hpp */,
			);
			path = SIR_BW;
			sourceTree = "<group>";
		};
/* End PBXGroup section */

/* Begin PBXNativeTarget section */
		D81CF92C1E313EF4008855CB /* SIR_BW */ = {
			isa = PBXNativeTarget;
			buildConfigurationList = D81CF9341E313EF4008855CB /* Build configuration list for PBXNativeTarget "SIR_BW" */;
			buildPhases = (
				D81CF9291E313EF4008855CB /* Sources */,
				D81CF92A1E313EF4008855CB /* Frameworks */,
				D81CF92B1E313EF4008855CB /* CopyFiles */,
			);
			buildRules = (
			);
			dependencies = (
			);
			name = SIR_BW;
			productName = SIR_BW;
			productReference = D81CF92D1E313EF4008855CB /* SIR_BW */;
			productType = "com.apple.product-type.tool";
		};
/* End PBXNativeTarget section */

/* Begin PBXProject section */
		D81CF9251E313EF4008855CB /* Project object */ = {
			isa = PBXProject;
			attributes = {
				LastUpgradeCheck = 0820;
				ORGANIZATIONNAME = "Sahand Hariri";
				TargetAttributes = {
					D81CF92C1E313EF4008855CB = {
						CreatedOnToolsVersion = 8.2.1;
						ProvisioningStyle = Automatic;
					};
				};
			};
			buildConfigurationList = D81CF9281E313EF4008855CB /* Build configuration list for PBXProject "SIR_BW" */;
			compatibilityVersion = "Xcode 3.2";
			developmentRegion = English;
			hasScannedForEncodings = 0;
			knownRegions = (
				en,
			);
			mainGroup = D81CF9241E313EF4008855CB;
			productRefGroup = D81CF92E1E313EF4008855CB /* Products */;
			projectDirPath = "";
			projectRoot = "";
			targets = (
				D81CF92C1E313EF4008855CB /* SIR_BW */,
			);
		};
/* End PBXProject section */

/* Begin PBXSourcesBuildPhase section */
		D81CF9291E313EF4008855CB /* Sources */ = {
			isa = PBXSourcesBuildPhase;
			buildActionMask = 2147483647;
			files = (
				D81CF9481E313F10008855CB /* InHostDynamics.cpp in Sources */,
				D81CF9501E315577008855CB /* Storage.cpp in Sources */,
				D81CF94D1E313F10008855CB /* Source.cpp in Sources */,
				D81CF94B1E313F10008855CB /* Place.cpp in Sources */,
				D81CF9471E313F10008855CB /* Domain.cpp in Sources */,
				D81CF9491E313F10008855CB /* main.cpp in Sources */,
				D81CF94A1E313F10008855CB /* Person.cpp in Sources */,
				D81CF9461E313F10008855CB /* Architect.cpp in Sources */,
			);
			runOnlyForDeploymentPostprocessing = 0;
		};
/* End PBXSourcesBuildPhase section */

/* Begin XCBuildConfiguration section */
		D81CF9321E313EF4008855CB /* Debug */ = {
			isa = XCBuildConfiguration;
			buildSettings = {
				ALWAYS_SEARCH_USER_PATHS = NO;
				CLANG_ANALYZER_NONNULL = YES;
				CLANG_CXX_LANGUAGE_STANDARD = "gnu++0x";
				CLANG_CXX_LIBRARY = "libc++";
				CLANG_ENABLE_MODULES = YES;
				CLANG_ENABLE_OBJC_ARC = YES;
				CLANG_WARN_BOOL_CONVERSION = YES;
				CLANG_WARN_CONSTANT_CONVERSION = YES;
				CLANG_WARN_DIRECT_OBJC_ISA_USAGE = YES_ERROR;
				CLANG_WARN_DOCUMENTATION_COMMENTS = YES;
				CLANG_WARN_EMPTY_BODY = YES;
				CLANG_WARN_ENUM_CONVERSION = YES;
				CLANG_WARN_INFINITE_RECURSION = YES;
				CLANG_WARN_INT_CONVERSION = YES;
				CLANG_WARN_OBJC_ROOT_CLASS = YES_ERROR;
				CLANG_WARN_SUSPICIOUS_MOVE = YES;
				CLANG_WARN_UNREACHABLE_CODE = YES;
				CLANG_WARN__DUPLICATE_METHOD_MATCH = YES;
				CODE_SIGN_IDENTITY = "-";
				COPY_PHASE_STRIP = NO;
				DEBUG_INFORMATION_FORMAT = dwarf;
				ENABLE_STRICT_OBJC_MSGSEND = YES;
				ENABLE_TESTABILITY = YES;
				GCC_C_LANGUAGE_STANDARD = gnu99;
				GCC_DYNAMIC_NO_PIC = NO;
				GCC_NO_COMMON_BLOCKS = YES;
				GCC_OPTIMIZATION_LEVEL = 0;
				GCC_PREPROCESSOR_DEFINITIONS = (
					"DEBUG=1",
					"$(inherited)",
				);
				GCC_WARN_64_TO_32_BIT_CONVERSION = YES;
				GCC_WARN_ABOUT_RETURN_TYPE = YES_ERROR;
				GCC_WARN_UNDECLARED_SELECTOR = YES;
				GCC_WARN_UNINITIALIZED_AUTOS = YES_AGGRESSIVE;
				GCC_WARN_UNUSED_FUNCTION = YES;
				GCC_WARN_UNUSED_VARIABLE = YES;
				MACOSX_DEPLOYMENT_TARGET = 10.12;
				MTL_ENABLE_DEBUG_INFO = YES;
				ONLY_ACTIVE_ARCH = YES;
				SDKROOT = macosx;
			};
			name = Debug;
		};
		D81CF9331E313EF4008855CB /* Release */ = {
			isa = XCBuildConfiguration;
			buildSettings = {
				ALWAYS_SEARCH_USER_PATHS = NO;
				CLANG_ANALYZER_NONNULL = YES;
				CLANG_CXX_LANGUAGE_STANDARD = "gnu++0x";
				CLANG_CXX_LIBRARY = "libc++";
				CLANG_ENABLE_MODULES = YES;
				CLANG_ENABLE_OBJC_ARC = YES;
				CLANG_WARN_BOOL_CONVERSION = YES;
				CLANG_WARN_CONSTANT_CONVERSION = YES;
				CLANG_WARN_DIRECT_OBJC_ISA_USAGE = YES_ERROR;
				CLANG_WARN_DOCUMENTATION_COMMENTS = YES;
				CLANG_WARN_EMPTY_BODY = YES;
				CLANG_WARN_ENUM_CONVERSION = YES;
				CLANG_WARN_INFINITE_RECURSION = YES;
				CLANG_WARN_INT_CONVERSION = YES;
				CLANG_WARN_OBJC_ROOT_CLASS = YES_ERROR;
				CLANG_WARN_SUSPICIOUS_MOVE = YES;
				CLANG_WARN_UNREACHABLE_CODE = YES;
				CLANG_WARN__DUPLICATE_METHOD_MATCH = YES;
				CODE_SIGN_IDENTITY = "-";
				COPY_PHASE_STRIP = NO;
				DEBUG_INFORMATION_FORMAT = "dwarf-with-dsym";
				ENABLE_NS_ASSERTIONS = NO;
				ENABLE_STRICT_OBJC_MSGSEND = YES;
				GCC_C_LANGUAGE_STANDARD = gnu99;
				GCC_NO_COMMON_BLOCKS = YES;
				GCC_WARN_64_TO_32_BIT_CONVERSION = YES;
				GCC_WARN_ABOUT_RETURN_TYPE = YES_ERROR;
				GCC_WARN_UNDECLARED_SELECTOR = YES;
				GCC_WARN_UNINITIALIZED_AUTOS = YES_AGGRESSIVE;
				GCC_WARN_UNUSED_FUNCTION = YES;
				GCC_WARN_UNUSED_VARIABLE = YES;
				MACOSX_DEPLOYMENT_TARGET = 10.12;
				MTL_ENABLE_DEBUG_INFO = NO;
				SDKROOT = macosx;
			};
			name = Release;
		};
		D81CF9351E313EF4008855CB /* Debug */ = {
			isa = XCBuildConfiguration;
			buildSettings = {
				PRODUCT_NAME = "$(TARGET_NAME)";
			};
			name = Debug;
		};
		D81CF9361E313EF4008855CB /* Release */ = {
			isa = XCBuildConfiguration;
			buildSettings = {
				PRODUCT_NAME = "$(TARGET_NAME)";
			};
			name = Release;
		};
/* End XCBuildConfiguration section */

/* Begin XCConfigurationList section */
		D81CF9281E313EF4008855CB /* Build configuration list for PBXProject "SIR_BW" */ = {
			isa = XCConfigurationList;
			buildConfigurations = (
				D81CF9321E313EF4008855CB /* Debug */,
				D81CF9331E313EF4008855CB /* Release */,
			);
			defaultConfigurationIsVisible = 0;
			defaultConfigurationName = Release;
		};
		D81CF9341E313EF4008855CB /* Build configuration list for PBXNativeTarget "SIR_BW" */ = {
			isa = XCConfigurationList;
			buildConfigurations = (
				D81CF9351E313EF4008855CB /* Debug */,
				D81CF9361E313EF4008855CB /* Release */,
			);
			defaultConfigurationIsVisible = 0;
		};
/* End XCConfigurationList section */
	};
	rootObject = D81CF9251E313EF4008855CB /* Project object */;
}
