// !$*UTF8*$!
{
	archiveVersion = 1;
	classes = {
	};
	objectVersion = 46;
	objects = {

/* Begin PBXBuildFile section */
		D81C45A81B6A9353007007FA /* SQLStorage.cpp in Sources */ = {isa = PBXBuildFile; fileRef = D81C45A61B6A9353007007FA /* SQLStorage.cpp */; };
		D87484241AB36A78007EC18E /* main.cpp in Sources */ = {isa = PBXBuildFile; fileRef = D87484231AB36A78007EC18E /* main.cpp */; };
		D8B403E01AB36B3A00726652 /* Architect.cpp in Sources */ = {isa = PBXBuildFile; fileRef = D8B403D01AB36B3A00726652 /* Architect.cpp */; };
		D8B403E31AB36B3A00726652 /* Disease.cpp in Sources */ = {isa = PBXBuildFile; fileRef = D8B403D51AB36B3A00726652 /* Disease.cpp */; };
		D8B403E41AB36B3A00726652 /* Domain.cpp in Sources */ = {isa = PBXBuildFile; fileRef = D8B403D71AB36B3A00726652 /* Domain.cpp */; };
		D8B403E51AB36B3A00726652 /* Person.cpp in Sources */ = {isa = PBXBuildFile; fileRef = D8B403D91AB36B3A00726652 /* Person.cpp */; };
		D8B403E61AB36B3A00726652 /* Place.cpp in Sources */ = {isa = PBXBuildFile; fileRef = D8B403DB1AB36B3A00726652 /* Place.cpp */; };
		D8B403E71AB36B3A00726652 /* README.md in Sources */ = {isa = PBXBuildFile; fileRef = D8B403DD1AB36B3A00726652 /* README.md */; };
		D8B403E81AB36B3A00726652 /* Storage.cpp in Sources */ = {isa = PBXBuildFile; fileRef = D8B403DE1AB36B3A00726652 /* Storage.cpp */; };
		D8E077A01BCF144C00FE27FA /* Visualization.cpp in Sources */ = {isa = PBXBuildFile; fileRef = D8E0779E1BCF144C00FE27FA /* Visualization.cpp */; settings = {ASSET_TAGS = (); }; };
		D8E077A31BCF173200FE27FA /* OpenGL.framework in Frameworks */ = {isa = PBXBuildFile; fileRef = D8E077A21BCF173200FE27FA /* OpenGL.framework */; };
		D8E077A51BCF173A00FE27FA /* GLUT.framework in Frameworks */ = {isa = PBXBuildFile; fileRef = D8E077A41BCF173A00FE27FA /* GLUT.framework */; };
		D8E242C01B43204700AC0D10 /* InHostDynamics.cpp in Sources */ = {isa = PBXBuildFile; fileRef = D8E242BF1B43204700AC0D10 /* InHostDynamics.cpp */; };
		D8F1704A1B77F10600316080 /* Economy.cpp in Sources */ = {isa = PBXBuildFile; fileRef = D8F170481B77F10600316080 /* Economy.cpp */; };
/* End PBXBuildFile section */

/* Begin PBXCopyFilesBuildPhase section */
		D874841E1AB36A78007EC18E /* CopyFiles */ = {
			isa = PBXCopyFilesBuildPhase;
			buildActionMask = 2147483647;
			dstPath = /usr/share/man/man1/;
			dstSubfolderSpec = 0;
			files = (
			);
			runOnlyForDeploymentPostprocessing = 1;
		};
/* End PBXCopyFilesBuildPhase section */

/* Begin PBXFileReference section */
		D81C45A61B6A9353007007FA /* SQLStorage.cpp */ = {isa = PBXFileReference; fileEncoding = 4; lastKnownFileType = sourcecode.cpp.cpp; path = SQLStorage.cpp; sourceTree = "<group>"; };
		D81C45A71B6A9353007007FA /* SQLStorage.h */ = {isa = PBXFileReference; fileEncoding = 4; lastKnownFileType = sourcecode.c.h; path = SQLStorage.h; sourceTree = "<group>"; };
		D87484201AB36A78007EC18E /* SIR */ = {isa = PBXFileReference; explicitFileType = "compiled.mach-o.executable"; includeInIndex = 0; path = SIR; sourceTree = BUILT_PRODUCTS_DIR; };
		D87484231AB36A78007EC18E /* main.cpp */ = {isa = PBXFileReference; lastKnownFileType = sourcecode.cpp.cpp; path = main.cpp; sourceTree = "<group>"; };
		D8B403D01AB36B3A00726652 /* Architect.cpp */ = {isa = PBXFileReference; fileEncoding = 4; lastKnownFileType = sourcecode.cpp.cpp; path = Architect.cpp; sourceTree = "<group>"; };
		D8B403D11AB36B3A00726652 /* Architect.h */ = {isa = PBXFileReference; fileEncoding = 4; lastKnownFileType = sourcecode.c.h; path = Architect.h; sourceTree = "<group>"; };
		D8B403D51AB36B3A00726652 /* Disease.cpp */ = {isa = PBXFileReference; fileEncoding = 4; lastKnownFileType = sourcecode.cpp.cpp; path = Disease.cpp; sourceTree = "<group>"; };
		D8B403D61AB36B3A00726652 /* Disease.h */ = {isa = PBXFileReference; fileEncoding = 4; lastKnownFileType = sourcecode.c.h; path = Disease.h; sourceTree = "<group>"; };
		D8B403D71AB36B3A00726652 /* Domain.cpp */ = {isa = PBXFileReference; fileEncoding = 4; lastKnownFileType = sourcecode.cpp.cpp; path = Domain.cpp; sourceTree = "<group>"; };
		D8B403D81AB36B3A00726652 /* Domain.h */ = {isa = PBXFileReference; fileEncoding = 4; lastKnownFileType = sourcecode.c.h; path = Domain.h; sourceTree = "<group>"; };
		D8B403D91AB36B3A00726652 /* Person.cpp */ = {isa = PBXFileReference; fileEncoding = 4; lastKnownFileType = sourcecode.cpp.cpp; path = Person.cpp; sourceTree = "<group>"; };
		D8B403DA1AB36B3A00726652 /* Person.h */ = {isa = PBXFileReference; fileEncoding = 4; lastKnownFileType = sourcecode.c.h; path = Person.h; sourceTree = "<group>"; };
		D8B403DB1AB36B3A00726652 /* Place.cpp */ = {isa = PBXFileReference; fileEncoding = 4; lastKnownFileType = sourcecode.cpp.cpp; path = Place.cpp; sourceTree = "<group>"; };
		D8B403DC1AB36B3A00726652 /* Place.h */ = {isa = PBXFileReference; fileEncoding = 4; lastKnownFileType = sourcecode.c.h; path = Place.h; sourceTree = "<group>"; };
		D8B403DD1AB36B3A00726652 /* README.md */ = {isa = PBXFileReference; fileEncoding = 4; lastKnownFileType = net.daringfireball.markdown; path = README.md; sourceTree = "<group>"; };
		D8B403DE1AB36B3A00726652 /* Storage.cpp */ = {isa = PBXFileReference; fileEncoding = 4; lastKnownFileType = sourcecode.cpp.cpp; path = Storage.cpp; sourceTree = "<group>"; };
		D8B403DF1AB36B3A00726652 /* Storage.h */ = {isa = PBXFileReference; fileEncoding = 4; lastKnownFileType = sourcecode.c.h; path = Storage.h; sourceTree = "<group>"; };
		D8E0779E1BCF144C00FE27FA /* Visualization.cpp */ = {isa = PBXFileReference; fileEncoding = 4; lastKnownFileType = sourcecode.cpp.cpp; path = Visualization.cpp; sourceTree = "<group>"; };
		D8E077A11BCF15E600FE27FA /* Visualization.h */ = {isa = PBXFileReference; fileEncoding = 4; lastKnownFileType = sourcecode.c.h; path = Visualization.h; sourceTree = "<group>"; };
		D8E077A21BCF173200FE27FA /* OpenGL.framework */ = {isa = PBXFileReference; lastKnownFileType = wrapper.framework; name = OpenGL.framework; path = System/Library/Frameworks/OpenGL.framework; sourceTree = SDKROOT; };
		D8E077A41BCF173A00FE27FA /* GLUT.framework */ = {isa = PBXFileReference; lastKnownFileType = wrapper.framework; name = GLUT.framework; path = System/Library/Frameworks/GLUT.framework; sourceTree = SDKROOT; };
		D8E242BE1B43203100AC0D10 /* InHostDynamics.h */ = {isa = PBXFileReference; lastKnownFileType = sourcecode.c.h; path = InHostDynamics.h; sourceTree = "<group>"; };
		D8E242BF1B43204700AC0D10 /* InHostDynamics.cpp */ = {isa = PBXFileReference; fileEncoding = 4; lastKnownFileType = sourcecode.cpp.cpp; path = InHostDynamics.cpp; sourceTree = "<group>"; };
		D8F170481B77F10600316080 /* Economy.cpp */ = {isa = PBXFileReference; fileEncoding = 4; lastKnownFileType = sourcecode.cpp.cpp; path = Economy.cpp; sourceTree = "<group>"; };
		D8F170491B77F10600316080 /* Economy.h */ = {isa = PBXFileReference; fileEncoding = 4; lastKnownFileType = sourcecode.c.h; path = Economy.h; sourceTree = "<group>"; };
/* End PBXFileReference section */

/* Begin PBXFrameworksBuildPhase section */
		D874841D1AB36A78007EC18E /* Frameworks */ = {
			isa = PBXFrameworksBuildPhase;
			buildActionMask = 2147483647;
			files = (
				D8E077A51BCF173A00FE27FA /* GLUT.framework in Frameworks */,
				D8E077A31BCF173200FE27FA /* OpenGL.framework in Frameworks */,
			);
			runOnlyForDeploymentPostprocessing = 0;
		};
/* End PBXFrameworksBuildPhase section */

/* Begin PBXGroup section */
		D87484171AB36A78007EC18E = {
			isa = PBXGroup;
			children = (
				D8E077A41BCF173A00FE27FA /* GLUT.framework */,
				D8E077A21BCF173200FE27FA /* OpenGL.framework */,
				D87484221AB36A78007EC18E /* SIR */,
				D87484211AB36A78007EC18E /* Products */,
			);
			sourceTree = "<group>";
		};
		D87484211AB36A78007EC18E /* Products */ = {
			isa = PBXGroup;
			children = (
				D87484201AB36A78007EC18E /* SIR */,
			);
			name = Products;
			sourceTree = "<group>";
		};
		D87484221AB36A78007EC18E /* SIR */ = {
			isa = PBXGroup;
			children = (
				D8E077A11BCF15E600FE27FA /* Visualization.h */,
				D81C45A61B6A9353007007FA /* SQLStorage.cpp */,
				D8E0779E1BCF144C00FE27FA /* Visualization.cpp */,
				D81C45A71B6A9353007007FA /* SQLStorage.h */,
				D8F170481B77F10600316080 /* Economy.cpp */,
				D8F170491B77F10600316080 /* Economy.h */,
				D8E242BE1B43203100AC0D10 /* InHostDynamics.h */,
				D8E242BF1B43204700AC0D10 /* InHostDynamics.cpp */,
				D87484231AB36A78007EC18E /* main.cpp */,
				D8B403D01AB36B3A00726652 /* Architect.cpp */,
				D8B403D11AB36B3A00726652 /* Architect.h */,
				D8B403D51AB36B3A00726652 /* Disease.cpp */,
				D8B403D61AB36B3A00726652 /* Disease.h */,
				D8B403D71AB36B3A00726652 /* Domain.cpp */,
				D8B403D81AB36B3A00726652 /* Domain.h */,
				D8B403D91AB36B3A00726652 /* Person.cpp */,
				D8B403DA1AB36B3A00726652 /* Person.h */,
				D8B403DB1AB36B3A00726652 /* Place.cpp */,
				D8B403DC1AB36B3A00726652 /* Place.h */,
				D8B403DD1AB36B3A00726652 /* README.md */,
				D8B403DE1AB36B3A00726652 /* Storage.cpp */,
				D8B403DF1AB36B3A00726652 /* Storage.h */,
			);
			path = SIR;
			sourceTree = "<group>";
		};
/* End PBXGroup section */

/* Begin PBXNativeTarget section */
		D874841F1AB36A78007EC18E /* SIR */ = {
			isa = PBXNativeTarget;
			buildConfigurationList = D87484271AB36A78007EC18E /* Build configuration list for PBXNativeTarget "SIR" */;
			buildPhases = (
				D874841C1AB36A78007EC18E /* Sources */,
				D874841D1AB36A78007EC18E /* Frameworks */,
				D874841E1AB36A78007EC18E /* CopyFiles */,
			);
			buildRules = (
			);
			dependencies = (
			);
			name = SIR;
			productName = SIR;
			productReference = D87484201AB36A78007EC18E /* SIR */;
			productType = "com.apple.product-type.tool";
		};
/* End PBXNativeTarget section */

/* Begin PBXProject section */
		D87484181AB36A78007EC18E /* Project object */ = {
			isa = PBXProject;
			attributes = {
				LastUpgradeCheck = 0620;
				ORGANIZATIONNAME = "Sahand Hariri";
				TargetAttributes = {
					D874841F1AB36A78007EC18E = {
						CreatedOnToolsVersion = 6.2;
					};
				};
			};
			buildConfigurationList = D874841B1AB36A78007EC18E /* Build configuration list for PBXProject "SIR" */;
			compatibilityVersion = "Xcode 3.2";
			developmentRegion = English;
			hasScannedForEncodings = 0;
			knownRegions = (
				en,
			);
			mainGroup = D87484171AB36A78007EC18E;
			productRefGroup = D87484211AB36A78007EC18E /* Products */;
			projectDirPath = "";
			projectRoot = "";
			targets = (
				D874841F1AB36A78007EC18E /* SIR */,
			);
		};
/* End PBXProject section */

/* Begin PBXSourcesBuildPhase section */
		D874841C1AB36A78007EC18E /* Sources */ = {
			isa = PBXSourcesBuildPhase;
			buildActionMask = 2147483647;
			files = (
				D87484241AB36A78007EC18E /* main.cpp in Sources */,
				D8E242C01B43204700AC0D10 /* InHostDynamics.cpp in Sources */,
				D8B403E51AB36B3A00726652 /* Person.cpp in Sources */,
				D8B403E81AB36B3A00726652 /* Storage.cpp in Sources */,
				D8B403E41AB36B3A00726652 /* Domain.cpp in Sources */,
				D8B403E31AB36B3A00726652 /* Disease.cpp in Sources */,
				D81C45A81B6A9353007007FA /* SQLStorage.cpp in Sources */,
				D8B403E71AB36B3A00726652 /* README.md in Sources */,
				D8E077A01BCF144C00FE27FA /* Visualization.cpp in Sources */,
				D8B403E01AB36B3A00726652 /* Architect.cpp in Sources */,
				D8B403E61AB36B3A00726652 /* Place.cpp in Sources */,
				D8F1704A1B77F10600316080 /* Economy.cpp in Sources */,
			);
			runOnlyForDeploymentPostprocessing = 0;
		};
/* End PBXSourcesBuildPhase section */

/* Begin XCBuildConfiguration section */
		D87484251AB36A78007EC18E /* Debug */ = {
			isa = XCBuildConfiguration;
			buildSettings = {
				ALWAYS_SEARCH_USER_PATHS = NO;
				CLANG_CXX_LANGUAGE_STANDARD = "gnu++0x";
				CLANG_CXX_LIBRARY = "libc++";
				CLANG_ENABLE_MODULES = YES;
				CLANG_ENABLE_OBJC_ARC = YES;
				CLANG_WARN_BOOL_CONVERSION = YES;
				CLANG_WARN_CONSTANT_CONVERSION = YES;
				CLANG_WARN_DIRECT_OBJC_ISA_USAGE = YES_ERROR;
				CLANG_WARN_EMPTY_BODY = YES;
				CLANG_WARN_ENUM_CONVERSION = YES;
				CLANG_WARN_INT_CONVERSION = YES;
				CLANG_WARN_OBJC_ROOT_CLASS = YES_ERROR;
				CLANG_WARN_UNREACHABLE_CODE = YES;
				CLANG_WARN__DUPLICATE_METHOD_MATCH = YES;
				COPY_PHASE_STRIP = NO;
				ENABLE_STRICT_OBJC_MSGSEND = YES;
				GCC_C_LANGUAGE_STANDARD = gnu99;
				GCC_DYNAMIC_NO_PIC = NO;
				GCC_OPTIMIZATION_LEVEL = 0;
				GCC_PREPROCESSOR_DEFINITIONS = (
					"DEBUG=1",
					"$(inherited)",
				);
				GCC_SYMBOLS_PRIVATE_EXTERN = NO;
				GCC_WARN_64_TO_32_BIT_CONVERSION = YES;
				GCC_WARN_ABOUT_RETURN_TYPE = YES_ERROR;
				GCC_WARN_UNDECLARED_SELECTOR = YES;
				GCC_WARN_UNINITIALIZED_AUTOS = YES_AGGRESSIVE;
				GCC_WARN_UNUSED_FUNCTION = YES;
				GCC_WARN_UNUSED_VARIABLE = YES;
				MACOSX_DEPLOYMENT_TARGET = 10.10;
				MTL_ENABLE_DEBUG_INFO = YES;
				ONLY_ACTIVE_ARCH = YES;
				SDKROOT = macosx;
			};
			name = Debug;
		};
		D87484261AB36A78007EC18E /* Release */ = {
			isa = XCBuildConfiguration;
			buildSettings = {
				ALWAYS_SEARCH_USER_PATHS = NO;
				CLANG_CXX_LANGUAGE_STANDARD = "gnu++0x";
				CLANG_CXX_LIBRARY = "libc++";
				CLANG_ENABLE_MODULES = YES;
				CLANG_ENABLE_OBJC_ARC = YES;
				CLANG_WARN_BOOL_CONVERSION = YES;
				CLANG_WARN_CONSTANT_CONVERSION = YES;
				CLANG_WARN_DIRECT_OBJC_ISA_USAGE = YES_ERROR;
				CLANG_WARN_EMPTY_BODY = YES;
				CLANG_WARN_ENUM_CONVERSION = YES;
				CLANG_WARN_INT_CONVERSION = YES;
				CLANG_WARN_OBJC_ROOT_CLASS = YES_ERROR;
				CLANG_WARN_UNREACHABLE_CODE = YES;
				CLANG_WARN__DUPLICATE_METHOD_MATCH = YES;
				COPY_PHASE_STRIP = NO;
				DEBUG_INFORMATION_FORMAT = "dwarf-with-dsym";
				ENABLE_NS_ASSERTIONS = NO;
				ENABLE_STRICT_OBJC_MSGSEND = YES;
				GCC_C_LANGUAGE_STANDARD = gnu99;
				GCC_WARN_64_TO_32_BIT_CONVERSION = YES;
				GCC_WARN_ABOUT_RETURN_TYPE = YES_ERROR;
				GCC_WARN_UNDECLARED_SELECTOR = YES;
				GCC_WARN_UNINITIALIZED_AUTOS = YES_AGGRESSIVE;
				GCC_WARN_UNUSED_FUNCTION = YES;
				GCC_WARN_UNUSED_VARIABLE = YES;
				MACOSX_DEPLOYMENT_TARGET = 10.10;
				MTL_ENABLE_DEBUG_INFO = NO;
				SDKROOT = macosx;
			};
			name = Release;
		};
		D87484281AB36A78007EC18E /* Debug */ = {
			isa = XCBuildConfiguration;
			buildSettings = {
				HEADER_SEARCH_PATHS = (
					"$(inherited)",
					/usr/local/Cellar/glfw3/3.1.1/include,
					/Applications/Xcode.app/Contents/Developer/Toolchains/XcodeDefault.xctoolchain/usr/include,
					/usr/local/Cellar/mysql/5.6.26/include/mysql,
				);
				LIBRARY_SEARCH_PATHS = (
					/usr/local/Cellar/mysql/5.6.26/lib,
					/usr/local/Cellar/glfw3/3.1.1/lib,
				);
				OTHER_LDFLAGS = (
					"-lmysqlclient",
					"-lm",
					"-lz",
					"-lglfw3",
				);
				PRODUCT_NAME = "$(TARGET_NAME)";
			};
			name = Debug;
		};
		D87484291AB36A78007EC18E /* Release */ = {
			isa = XCBuildConfiguration;
			buildSettings = {
				HEADER_SEARCH_PATHS = (
					"$(inherited)",
					/usr/local/Cellar/glfw3/3.1.1/include,
					/Applications/Xcode.app/Contents/Developer/Toolchains/XcodeDefault.xctoolchain/usr/include,
					/usr/local/Cellar/mysql/5.6.26/include/mysql,
				);
				LIBRARY_SEARCH_PATHS = (
					/usr/local/Cellar/mysql/5.6.26/lib,
					/usr/local/Cellar/glfw3/3.1.1/lib,
				);
				OTHER_LDFLAGS = (
					"-lmysqlclient",
					"-lm",
					"-lz",
					"-lglfw3",
				);
				PRODUCT_NAME = "$(TARGET_NAME)";
			};
			name = Release;
		};
/* End XCBuildConfiguration section */

/* Begin XCConfigurationList section */
		D874841B1AB36A78007EC18E /* Build configuration list for PBXProject "SIR" */ = {
			isa = XCConfigurationList;
			buildConfigurations = (
				D87484251AB36A78007EC18E /* Debug */,
				D87484261AB36A78007EC18E /* Release */,
			);
			defaultConfigurationIsVisible = 0;
			defaultConfigurationName = Release;
		};
		D87484271AB36A78007EC18E /* Build configuration list for PBXNativeTarget "SIR" */ = {
			isa = XCConfigurationList;
			buildConfigurations = (
				D87484281AB36A78007EC18E /* Debug */,
				D87484291AB36A78007EC18E /* Release */,
			);
			defaultConfigurationIsVisible = 0;
			defaultConfigurationName = Release;
		};
/* End XCConfigurationList section */
	};
	rootObject = D87484181AB36A78007EC18E /* Project object */;
}
